Microsoft Visual Studio Solution File, Format Version 12.00
# Visual Studio Version 17
VisualStudioVersion = 17.5.2.0
MinimumVisualStudioVersion = 10.0.40219.1
Project("{FAE04EC0-301F-11D3-BF4B-00C04F79EFBC}") = "PatientJournalMVC", "PatientJournalMVC.csproj", "{6E487E75-2D0F-4BFA-50BD-690D0DE480BF}"
EndProject
Global
	GlobalSection(SolutionConfigurationPlatforms) = preSolution
		Debug|Any CPU = Debug|Any CPU
		Release|Any CPU = Release|Any CPU
	EndGlobalSection
	GlobalSection(ProjectConfigurationPlatforms) = postSolution
		{6E487E75-2D0F-4BFA-50BD-690D0DE480BF}.Debug|Any CPU.ActiveCfg = Debug|Any CPU
		{6E487E75-2D0F-4BFA-50BD-690D0DE480BF}.Debug|Any CPU.Build.0 = Debug|Any CPU
		{6E487E75-2D0F-4BFA-50BD-690D0DE480BF}.Release|Any CPU.ActiveCfg = Release|Any CPU
		{6E487E75-2D0F-4BFA-50BD-690D0DE480BF}.Release|Any CPU.Build.0 = Release|Any CPU
	EndGlobalSection
	GlobalSection(SolutionProperties) = preSolution
		HideSolutionNode = FALSE
	EndGlobalSection
	GlobalSection(ExtensibilityGlobals) = postSolution
		SolutionGuid = {7C567FF8-B863-4F8D-ACB0-A3415E937BB7}
	EndGlobalSection
EndGlobal
